
Microsoft Visual Studio Solution File, Format Version 12.00
# Visual Studio Version 16
VisualStudioVersion = 16.0.29509.3
MinimumVisualStudioVersion = 10.0.40219.1
Project("{8BC9CEB8-8B4A-11D0-8D11-00A0C91BC942}") = "Coordinate Systems", "Coordinate Systems\Coordinate Systems.vcxproj", "{4EAF6721-4D6C-4BC0-A563-A5E159475676}"
EndProject
Global
	GlobalSection(SolutionConfigurationPlatforms) = preSolution
		Debug|x64 = Debug|x64
		Debug|x86 = Debug|x86
		Release|x64 = Release|x64
		Release|x86 = Release|x86
	EndGlobalSection
	GlobalSection(ProjectConfigurationPlatforms) = postSolution
		{4EAF6721-4D6C-4BC0-A563-A5E159475676}.Debug|x64.ActiveCfg = Debug|x64
		{4EAF6721-4D6C-4BC0-A563-A5E159475676}.Debug|x64.Build.0 = Debug|x64
		{4EAF6721-4D6C-4BC0-A563-A5E159475676}.Debug|x86.ActiveCfg = Debug|Win32
		{4EAF6721-4D6C-4BC0-A563-A5E159475676}.Debug|x86.Build.0 = Debug|Win32
		{4EAF6721-4D6C-4BC0-A563-A5E159475676}.Release|x64.ActiveCfg = Release|x64
		{4EAF6721-4D6C-4BC0-A563-A5E159475676}.Release|x64.Build.0 = Release|x64
		{4EAF6721-4D6C-4BC0-A563-A5E159475676}.Release|x86.ActiveCfg = Release|Win32
		{4EAF6721-4D6C-4BC0-A563-A5E159475676}.Release|x86.Build.0 = Release|Win32
	EndGlobalSection
	GlobalSection(SolutionProperties) = preSolution
		HideSolutionNode = FALSE
	EndGlobalSection
	GlobalSection(ExtensibilityGlobals) = postSolution
		SolutionGuid = {A6B46723-D47F-49DB-ACCB-682CF7C5A978}
	EndGlobalSection
EndGlobal
