
Microsoft Visual Studio Solution File, Format Version 12.00
# Visual Studio Version 16
VisualStudioVersion = 16.0.29509.3
MinimumVisualStudioVersion = 10.0.40219.1
Project("{8BC9CEB8-8B4A-11D0-8D11-00A0C91BC942}") = "Materials", "Materials\Materials.vcxproj", "{3674D4CE-979C-4A61-B1FF-888148A055D0}"
EndProject
Global
	GlobalSection(SolutionConfigurationPlatforms) = preSolution
		Debug|x64 = Debug|x64
		Debug|x86 = Debug|x86
		Release|x64 = Release|x64
		Release|x86 = Release|x86
	EndGlobalSection
	GlobalSection(ProjectConfigurationPlatforms) = postSolution
		{3674D4CE-979C-4A61-B1FF-888148A055D0}.Debug|x64.ActiveCfg = Debug|x64
		{3674D4CE-979C-4A61-B1FF-888148A055D0}.Debug|x64.Build.0 = Debug|x64
		{3674D4CE-979C-4A61-B1FF-888148A055D0}.Debug|x86.ActiveCfg = Debug|Win32
		{3674D4CE-979C-4A61-B1FF-888148A055D0}.Debug|x86.Build.0 = Debug|Win32
		{3674D4CE-979C-4A61-B1FF-888148A055D0}.Release|x64.ActiveCfg = Release|x64
		{3674D4CE-979C-4A61-B1FF-888148A055D0}.Release|x64.Build.0 = Release|x64
		{3674D4CE-979C-4A61-B1FF-888148A055D0}.Release|x86.ActiveCfg = Release|Win32
		{3674D4CE-979C-4A61-B1FF-888148A055D0}.Release|x86.Build.0 = Release|Win32
	EndGlobalSection
	GlobalSection(SolutionProperties) = preSolution
		HideSolutionNode = FALSE
	EndGlobalSection
	GlobalSection(ExtensibilityGlobals) = postSolution
		SolutionGuid = {9D483DBC-62B4-47DA-A685-3975E118AA15}
	EndGlobalSection
EndGlobal
